{
  "originHash" : "5f7fe8fe1a25dc4145e778a96c2a995fe934cb16f1e61a1f03fe0f1f5156a22a",
  "pins" : [
    {
      "identity" : "swift-binary-parse-support",
      "kind" : "remoteSourceControl",
      "location" : "https://github.com/p-x9/swift-binary-parse-support.git",
      "state" : {
        "revision" : "b4042df3819fde93ce952a111607ec8ffc4ee704",
        "version" : "0.3.0"
      }
    },
    {
      "identity" : "swift-fileio",
      "kind" : "remoteSourceControl",
      "location" : "https://github.com/p-x9/swift-fileio.git",
      "state" : {
        "revision" : "cd919e9ea045098f5660fb19f238084ca277d9e9",
        "version" : "0.15.0"
      }
    }
  ],
  "version" : 3
}
