{
  "originHash" : "65e5d4e5ff58a55bcd4feb96cc982d5b3a8d2aa88057c9a2472424bac113b3a7",
  "pins" : [
    {
      "identity" : "swift-binary-parse-support",
      "kind" : "remoteSourceControl",
      "location" : "https://github.com/p-x9/swift-binary-parse-support.git",
      "state" : {
        "revision" : "defc2adb3df88788c7c18129077d0868e6d23593",
        "version" : "0.1.1"
      }
    },
    {
      "identity" : "swift-fileio",
      "kind" : "remoteSourceControl",
      "location" : "https://github.com/p-x9/swift-fileio.git",
      "state" : {
        "revision" : "d589ff3966f9f064574780f527449a946736b989",
        "version" : "0.13.0"
      }
    }
  ],
  "version" : 3
}
